
Microsoft Visual Studio Solution File, Format Version 12.00
# Visual Studio 15
VisualStudioVersion = 15.0.26730.16
MinimumVisualStudioVersion = 10.0.40219.1
Project("{FAE04EC0-301F-11D3-BF4B-00C04F79EFBC}") = "ResearchChemExpress", "ResearchChemExpress\ResearchChemExpress.csproj", "{9492EA1C-85B8-4956-9D54-627234B8B0BB}"
EndProject
Global
	GlobalSection(SolutionConfigurationPlatforms) = preSolution
		Debug|Any CPU = Debug|Any CPU
		Release|Any CPU = Release|Any CPU
	EndGlobalSection
	GlobalSection(ProjectConfigurationPlatforms) = postSolution
		{9492EA1C-85B8-4956-9D54-627234B8B0BB}.Debug|Any CPU.ActiveCfg = Debug|Any CPU
		{9492EA1C-85B8-4956-9D54-627234B8B0BB}.Debug|Any CPU.Build.0 = Debug|Any CPU
		{9492EA1C-85B8-4956-9D54-627234B8B0BB}.Release|Any CPU.ActiveCfg = Release|Any CPU
		{9492EA1C-85B8-4956-9D54-627234B8B0BB}.Release|Any CPU.Build.0 = Release|Any CPU
	EndGlobalSection
	GlobalSection(SolutionProperties) = preSolution
		HideSolutionNode = FALSE
	EndGlobalSection
	GlobalSection(ExtensibilityGlobals) = postSolution
		SolutionGuid = {93BDFFA9-19CD-4659-A7F8-7315EA96F10B}
	EndGlobalSection
EndGlobal
